lockfileVersion: '9.0'

settings:
  autoInstallPeers: true
  excludeLinksFromLockfile: false

importers:

  .:
    dependencies:
      '@angular/animations':
        specifier: ^18.0.0
        version: 18.0.4(@angular/core@18.0.4(rxjs@7.8.1)(zone.js@0.14.7))
      '@angular/common':
        specifier: ^18.0.4
        version: 18.0.4(@angular/core@18.0.4(rxjs@7.8.1)(zone.js@0.14.7))(rxjs@7.8.1)
      '@angular/core':
        specifier: ^18.0.4
        version: 18.0.4(rxjs@7.8.1)(zone.js@0.14.7)
      '@angular/forms':
        specifier: 18.0.4
        version: 18.0.4(@angular/common@18.0.4(@angular/core@18.0.4(rxjs@7.8.1)(zone.js@0.14.7))(rxjs@7.8.1))(@angular/core@18.0.4(rxjs@7.8.1)(zone.js@0.14.7))(@angular/platform-browser@18.0.4(@angular/animations@18.0.4(@angular/core@18.0.4(rxjs@7.8.1)(zone.js@0.14.7)))(@angular/common@18.0.4(@angular/core@18.0.4(rxjs@7.8.1)(zone.js@0.14.7))(rxjs@7.8.1))(@angular/core@18.0.4(rxjs@7.8.1)(zone.js@0.14.7)))(rxjs@7.8.1)
      '@angular/platform-browser':
        specifier: 18.0.4
        version: 18.0.4(@angular/animations@18.0.4(@angular/core@18.0.4(rxjs@7.8.1)(zone.js@0.14.7)))(@angular/common@18.0.4(@angular/core@18.0.4(rxjs@7.8.1)(zone.js@0.14.7))(rxjs@7.8.1))(@angular/core@18.0.4(rxjs@7.8.1)(zone.js@0.14.7))
      '@angular/router':
        specifier: ^18.0.0
        version: 18.0.4(@angular/common@18.0.4(@angular/core@18.0.4(rxjs@7.8.1)(zone.js@0.14.7))(rxjs@7.8.1))(@angular/core@18.0.4(rxjs@7.8.1)(zone.js@0.14.7))(@angular/platform-browser@18.0.4(@angular/animations@18.0.4(@angular/core@18.0.4(rxjs@7.8.1)(zone.js@0.14.7)))(@angular/common@18.0.4(@angular/core@18.0.4(rxjs@7.8.1)(zone.js@0.14.7))(rxjs@7.8.1))(@angular/core@18.0.4(rxjs@7.8.1)(zone.js@0.14.7)))(rxjs@7.8.1)
      '@ngx-formly/core':
        specifier: ^6.3.1
        version: 6.3.5(@angular/forms@18.0.4(@angular/common@18.0.4(@angular/core@18.0.4(rxjs@7.8.1)(zone.js@0.14.7))(rxjs@7.8.1))(@angular/core@18.0.4(rxjs@7.8.1)(zone.js@0.14.7))(@angular/platform-browser@18.0.4(@angular/animations@18.0.4(@angular/core@18.0.4(rxjs@7.8.1)(zone.js@0.14.7)))(@angular/common@18.0.4(@angular/core@18.0.4(rxjs@7.8.1)(zone.js@0.14.7))(rxjs@7.8.1))(@angular/core@18.0.4(rxjs@7.8.1)(zone.js@0.14.7)))(rxjs@7.8.1))(rxjs@7.8.1)
      ng-zorro-antd:
        specifier: ^18.0.0
        version: 18.0.0(7lievc2fheyesculzne4nmppoq)
      quill:
        specifier: ^2.0.2
        version: 2.0.2
      rxjs:
        specifier: ^7.4.0
        version: 7.8.1
      tslib:
        specifier: ^2.6.3
        version: 2.6.3
      zone.js:
        specifier: ~0.14.7
        version: 0.14.7

packages:

  '@angular/animations@18.0.4':
    resolution: {integrity: sha512-xbdtBUvpTGEmVQkCoOad26LBMRy9ddM9pvCidMZBWXiM7NEuc3dfVT99a1cU4MZFiJeiQEvOWQn03iXskbBMGQ==}
    engines: {node: ^18.19.1 || ^20.11.1 || >=22.0.0}
    peerDependencies:
      '@angular/core': 18.0.4

  '@angular/cdk@18.0.4':
    resolution: {integrity: sha512-OCG1EGv/nyZYGcSu7y6IAuarC5gZcZYhhvEQsgMUDrf1TGRSa+0dBN5W2HxRWKs6NsGgDjW1VcK+AC85PYLXPA==}
    peerDependencies:
      '@angular/common': ^18.0.0 || ^19.0.0
      '@angular/core': ^18.0.0 || ^19.0.0
      rxjs: ^6.5.3 || ^7.4.0

  '@angular/common@18.0.4':
    resolution: {integrity: sha512-7WxZKLzSu5QtyLGrtlZrtUQlP3WfDR++yHr5jF9DJZ3IY35UutwiPCegCcq4Qh5X2xWqnRKGm20TLlKVoj0t5Q==}
    engines: {node: ^18.19.1 || ^20.11.1 || >=22.0.0}
    peerDependencies:
      '@angular/core': 18.0.4
      rxjs: ^6.5.3 || ^7.4.0

  '@angular/core@18.0.4':
    resolution: {integrity: sha512-k0AUZbJc0eyzRexvKlR1sR0qNhe54Om9ln6lRn7y1+gAsg+OwFDyF427fFuzqpZVe/MmpvX3CXWdl0twZAYEiA==}
    engines: {node: ^18.19.1 || ^20.11.1 || >=22.0.0}
    peerDependencies:
      rxjs: ^6.5.3 || ^7.4.0
      zone.js: ~0.14.0

  '@angular/forms@18.0.4':
    resolution: {integrity: sha512-LM2rVIuJa2fGxP0oCy0uFSGY6h9tyL64gtGp02QqKaVszG4oJ8wue0/VSbBtKyH0xEN4eOXDzOXbiahbtFhRZA==}
    engines: {node: ^18.19.1 || ^20.11.1 || >=22.0.0}
    peerDependencies:
      '@angular/common': 18.0.4
      '@angular/core': 18.0.4
      '@angular/platform-browser': 18.0.4
      rxjs: ^6.5.3 || ^7.4.0

  '@angular/platform-browser@18.0.4':
    resolution: {integrity: sha512-8TJEPzIRV89s1ZP9T+7g9K7PFNfec+4Xyw5BLaTRBOqjXHmMzk+miRx0L18Lr66rp5r2vbNEE9vojMVHQRwhVA==}
    engines: {node: ^18.19.1 || ^20.11.1 || >=22.0.0}
    peerDependencies:
      '@angular/animations': 18.0.4
      '@angular/common': 18.0.4
      '@angular/core': 18.0.4
    peerDependenciesMeta:
      '@angular/animations':
        optional: true

  '@angular/router@18.0.4':
    resolution: {integrity: sha512-nr1ZI3lynKBtr3a75APuVkIaiXRG5mEnW/RIyxwzxbKBB14901mby46o0jm9Y/CPb2rH5UpuwZhTKRE6QS/xLw==}
    engines: {node: ^18.19.1 || ^20.11.1 || >=22.0.0}
    peerDependencies:
      '@angular/common': 18.0.4
      '@angular/core': 18.0.4
      '@angular/platform-browser': 18.0.4
      rxjs: ^6.5.3 || ^7.4.0

  '@ant-design/colors@7.0.2':
    resolution: {integrity: sha512-7KJkhTiPiLHSu+LmMJnehfJ6242OCxSlR3xHVBecYxnMW8MS/878NXct1GqYARyL59fyeFdKRxXTfvR9SnDgJg==}

  '@ant-design/icons-angular@18.0.0':
    resolution: {integrity: sha512-nxNtHKd7MyGNnEyv22NK5hZ/Pczp63XJfej9zPjxiXm0wvJeIdMNUPOKtsdVkyPTRjRGHGe7F9M0Gv9SmyIjrQ==}
    peerDependencies:
      '@angular/common': ^18.0.0
      '@angular/core': ^18.0.0
      '@angular/platform-browser': ^18.0.0
      rxjs: ^6.4.0 || ^7.4.0

  '@babel/runtime@7.24.7':
    resolution: {integrity: sha512-UwgBRMjJP+xv857DCngvqXI3Iq6J4v0wXmwc6sapg+zyhbwmQX67LUEFrkK5tbyJ30jGuG3ZvWpBiB9LCy1kWw==}
    engines: {node: '>=6.9.0'}

  '@ctrl/tinycolor@3.6.1':
    resolution: {integrity: sha512-SITSV6aIXsuVNV3f3O0f2n/cgyEDWoSqtZMYiAmcsYHydcKrOz3gUxB/iXd/Qf08+IZX4KpgNbvUdMBmWz+kcA==}
    engines: {node: '>=10'}

  '@ngx-formly/core@6.3.5':
    resolution: {integrity: sha512-9p4yl7fr2Ojmm/uN7/nM1hYezheUxecEC0WZ0YI6jeSoEJR8NYTglVxTmHrpW5had2oolHeO39sAo9ttJNifSA==}
    peerDependencies:
      '@angular/forms': '>=13.2.0'
      rxjs: ^6.5.3 || ^7.0.0

  date-fns@2.30.0:
    resolution: {integrity: sha512-fnULvOpxnC5/Vg3NCiWelDsLiUc9bRwAPs/+LfTLNvetFCtCTN+yQz15C/fs4AwX1R9K5GLtLfn8QW+dWisaAw==}
    engines: {node: '>=0.11'}

  entities@4.5.0:
    resolution: {integrity: sha512-V0hjH4dGPh9Ao5p0MoRY6BVqtwCjhz6vI5LT8AJ55H+4g9/4vbHx1I54fS0XuclLhDHArPQCiMjDxjaL8fPxhw==}
    engines: {node: '>=0.12'}

  eventemitter3@5.0.1:
    resolution: {integrity: sha512-GWkBvjiSZK87ELrYOSESUYeVIc9mvLLf/nXalMOS5dYrgZq9o5OVkbZAVM06CVxYsCwH9BDZFPlQTlPA1j4ahA==}

  fast-diff@1.3.0:
    resolution: {integrity: sha512-VxPP4NqbUjj6MaAOafWeUn2cXWLcCtljklUtZf0Ind4XQ+QPtmA0b18zZy0jIQx+ExRVCR/ZQpBmik5lXshNsw==}

  lodash-es@4.17.21:
    resolution: {integrity: sha512-mKnC+QJ9pWVzv+C4/U3rRsHapFfHvQFoFB92e52xeyGMcX6/OlIl78je1u8vePzYZSkkogMPJ2yjxxsb89cxyw==}

  lodash.clonedeep@4.5.0:
    resolution: {integrity: sha512-H5ZhCF25riFd9uB5UCkVKo61m3S/xZk1x4wA6yp/L3RFP6Z/eHH1ymQcGLo7J3GMPfm0V/7m1tryHuGVxpqEBQ==}

  lodash.isequal@4.5.0:
    resolution: {integrity: sha512-pDo3lu8Jhfjqls6GkMgpahsF9kCyayhgykjyLMNFTKWrpVdAQtYyB4muAMWozBB4ig/dtWAmsMxLEI8wuz+DYQ==}

  ng-zorro-antd@18.0.0:
    resolution: {integrity: sha512-ocykww3Yt2wYZmywYm4jxq9FILI9L9W6W7Gg5hpQwqEIOAq6FuNg0XBkiYteMzjeBGV1/PDb5R1QApjSRa2Hog==}
    peerDependencies:
      '@angular/animations': ^18.0.0
      '@angular/common': ^18.0.0
      '@angular/core': ^18.0.0
      '@angular/forms': ^18.0.0
      '@angular/platform-browser': ^18.0.0
      '@angular/router': ^18.0.0

  parchment@3.0.0:
    resolution: {integrity: sha512-HUrJFQ/StvgmXRcQ1ftY6VEZUq3jA2t9ncFN4F84J/vN0/FPpQF+8FKXb3l6fLces6q0uOHj6NJn+2xvZnxO6A==}

  parse5@7.1.2:
    resolution: {integrity: sha512-Czj1WaSVpaoj0wbhMzLmWD69anp2WH7FXMB9n1Sy8/ZFF9jolSQVMu1Ij5WIyGmcBmhk7EOndpO4mIpihVqAXw==}

  quill-delta@5.1.0:
    resolution: {integrity: sha512-X74oCeRI4/p0ucjb5Ma8adTXd9Scumz367kkMK5V/IatcX6A0vlgLgKbzXWy5nZmCGeNJm2oQX0d2Eqj+ZIlCA==}
    engines: {node: '>= 12.0.0'}

  quill@2.0.2:
    resolution: {integrity: sha512-QfazNrhMakEdRG57IoYFwffUIr04LWJxbS/ZkidRFXYCQt63c1gK6Z7IHUXMx/Vh25WgPBU42oBaNzQ0K1R/xw==}
    engines: {npm: '>=8.2.3'}

  regenerator-runtime@0.14.1:
    resolution: {integrity: sha512-dYnhHh0nJoMfnkZs6GmmhFknAGRrLznOu5nc9ML+EJxGvrx6H7teuevqVqCuPcPK//3eDrrjQhehXVx9cnkGdw==}

  rxjs@7.8.1:
    resolution: {integrity: sha512-AA3TVj+0A2iuIoQkWEK/tqFjBq2j+6PO6Y0zJcvzLAFhEFIO3HL0vls9hWLncZbAAbK0mar7oZ4V079I/qPMxg==}

  tslib@2.6.3:
    resolution: {integrity: sha512-xNvxJEOUiWPGhUuUdQgAJPKOOJfGnIyKySOc09XkKsgdUV/3E2zvwZYdejjmRgPCgcym1juLH3226yA7sEFJKQ==}

  zone.js@0.14.7:
    resolution: {integrity: sha512-0w6DGkX2BPuiK/NLf+4A8FLE43QwBfuqz2dVgi/40Rj1WmqUskCqj329O/pwrqFJLG5X8wkeG2RhIAro441xtg==}

snapshots:

  '@angular/animations@18.0.4(@angular/core@18.0.4(rxjs@7.8.1)(zone.js@0.14.7))':
    dependencies:
      '@angular/core': 18.0.4(rxjs@7.8.1)(zone.js@0.14.7)
      tslib: 2.6.3

  '@angular/cdk@18.0.4(@angular/common@18.0.4(@angular/core@18.0.4(rxjs@7.8.1)(zone.js@0.14.7))(rxjs@7.8.1))(@angular/core@18.0.4(rxjs@7.8.1)(zone.js@0.14.7))(rxjs@7.8.1)':
    dependencies:
      '@angular/common': 18.0.4(@angular/core@18.0.4(rxjs@7.8.1)(zone.js@0.14.7))(rxjs@7.8.1)
      '@angular/core': 18.0.4(rxjs@7.8.1)(zone.js@0.14.7)
      rxjs: 7.8.1
      tslib: 2.6.3
    optionalDependencies:
      parse5: 7.1.2

  '@angular/common@18.0.4(@angular/core@18.0.4(rxjs@7.8.1)(zone.js@0.14.7))(rxjs@7.8.1)':
    dependencies:
      '@angular/core': 18.0.4(rxjs@7.8.1)(zone.js@0.14.7)
      rxjs: 7.8.1
      tslib: 2.6.3

  '@angular/core@18.0.4(rxjs@7.8.1)(zone.js@0.14.7)':
    dependencies:
      rxjs: 7.8.1
      tslib: 2.6.3
      zone.js: 0.14.7

  '@angular/forms@18.0.4(@angular/common@18.0.4(@angular/core@18.0.4(rxjs@7.8.1)(zone.js@0.14.7))(rxjs@7.8.1))(@angular/core@18.0.4(rxjs@7.8.1)(zone.js@0.14.7))(@angular/platform-browser@18.0.4(@angular/animations@18.0.4(@angular/core@18.0.4(rxjs@7.8.1)(zone.js@0.14.7)))(@angular/common@18.0.4(@angular/core@18.0.4(rxjs@7.8.1)(zone.js@0.14.7))(rxjs@7.8.1))(@angular/core@18.0.4(rxjs@7.8.1)(zone.js@0.14.7)))(rxjs@7.8.1)':
    dependencies:
      '@angular/common': 18.0.4(@angular/core@18.0.4(rxjs@7.8.1)(zone.js@0.14.7))(rxjs@7.8.1)
      '@angular/core': 18.0.4(rxjs@7.8.1)(zone.js@0.14.7)
      '@angular/platform-browser': 18.0.4(@angular/animations@18.0.4(@angular/core@18.0.4(rxjs@7.8.1)(zone.js@0.14.7)))(@angular/common@18.0.4(@angular/core@18.0.4(rxjs@7.8.1)(zone.js@0.14.7))(rxjs@7.8.1))(@angular/core@18.0.4(rxjs@7.8.1)(zone.js@0.14.7))
      rxjs: 7.8.1
      tslib: 2.6.3

  '@angular/platform-browser@18.0.4(@angular/animations@18.0.4(@angular/core@18.0.4(rxjs@7.8.1)(zone.js@0.14.7)))(@angular/common@18.0.4(@angular/core@18.0.4(rxjs@7.8.1)(zone.js@0.14.7))(rxjs@7.8.1))(@angular/core@18.0.4(rxjs@7.8.1)(zone.js@0.14.7))':
    dependencies:
      '@angular/common': 18.0.4(@angular/core@18.0.4(rxjs@7.8.1)(zone.js@0.14.7))(rxjs@7.8.1)
      '@angular/core': 18.0.4(rxjs@7.8.1)(zone.js@0.14.7)
      tslib: 2.6.3
    optionalDependencies:
      '@angular/animations': 18.0.4(@angular/core@18.0.4(rxjs@7.8.1)(zone.js@0.14.7))

  '@angular/router@18.0.4(@angular/common@18.0.4(@angular/core@18.0.4(rxjs@7.8.1)(zone.js@0.14.7))(rxjs@7.8.1))(@angular/core@18.0.4(rxjs@7.8.1)(zone.js@0.14.7))(@angular/platform-browser@18.0.4(@angular/animations@18.0.4(@angular/core@18.0.4(rxjs@7.8.1)(zone.js@0.14.7)))(@angular/common@18.0.4(@angular/core@18.0.4(rxjs@7.8.1)(zone.js@0.14.7))(rxjs@7.8.1))(@angular/core@18.0.4(rxjs@7.8.1)(zone.js@0.14.7)))(rxjs@7.8.1)':
    dependencies:
      '@angular/common': 18.0.4(@angular/core@18.0.4(rxjs@7.8.1)(zone.js@0.14.7))(rxjs@7.8.1)
      '@angular/core': 18.0.4(rxjs@7.8.1)(zone.js@0.14.7)
      '@angular/platform-browser': 18.0.4(@angular/animations@18.0.4(@angular/core@18.0.4(rxjs@7.8.1)(zone.js@0.14.7)))(@angular/common@18.0.4(@angular/core@18.0.4(rxjs@7.8.1)(zone.js@0.14.7))(rxjs@7.8.1))(@angular/core@18.0.4(rxjs@7.8.1)(zone.js@0.14.7))
      rxjs: 7.8.1
      tslib: 2.6.3

  '@ant-design/colors@7.0.2':
    dependencies:
      '@ctrl/tinycolor': 3.6.1

  '@ant-design/icons-angular@18.0.0(@angular/common@18.0.4(@angular/core@18.0.4(rxjs@7.8.1)(zone.js@0.14.7))(rxjs@7.8.1))(@angular/core@18.0.4(rxjs@7.8.1)(zone.js@0.14.7))(@angular/platform-browser@18.0.4(@angular/animations@18.0.4(@angular/core@18.0.4(rxjs@7.8.1)(zone.js@0.14.7)))(@angular/common@18.0.4(@angular/core@18.0.4(rxjs@7.8.1)(zone.js@0.14.7))(rxjs@7.8.1))(@angular/core@18.0.4(rxjs@7.8.1)(zone.js@0.14.7)))(rxjs@7.8.1)':
    dependencies:
      '@angular/common': 18.0.4(@angular/core@18.0.4(rxjs@7.8.1)(zone.js@0.14.7))(rxjs@7.8.1)
      '@angular/core': 18.0.4(rxjs@7.8.1)(zone.js@0.14.7)
      '@angular/platform-browser': 18.0.4(@angular/animations@18.0.4(@angular/core@18.0.4(rxjs@7.8.1)(zone.js@0.14.7)))(@angular/common@18.0.4(@angular/core@18.0.4(rxjs@7.8.1)(zone.js@0.14.7))(rxjs@7.8.1))(@angular/core@18.0.4(rxjs@7.8.1)(zone.js@0.14.7))
      '@ant-design/colors': 7.0.2
      rxjs: 7.8.1
      tslib: 2.6.3

  '@babel/runtime@7.24.7':
    dependencies:
      regenerator-runtime: 0.14.1

  '@ctrl/tinycolor@3.6.1': {}

  '@ngx-formly/core@6.3.5(@angular/forms@18.0.4(@angular/common@18.0.4(@angular/core@18.0.4(rxjs@7.8.1)(zone.js@0.14.7))(rxjs@7.8.1))(@angular/core@18.0.4(rxjs@7.8.1)(zone.js@0.14.7))(@angular/platform-browser@18.0.4(@angular/animations@18.0.4(@angular/core@18.0.4(rxjs@7.8.1)(zone.js@0.14.7)))(@angular/common@18.0.4(@angular/core@18.0.4(rxjs@7.8.1)(zone.js@0.14.7))(rxjs@7.8.1))(@angular/core@18.0.4(rxjs@7.8.1)(zone.js@0.14.7)))(rxjs@7.8.1))(rxjs@7.8.1)':
    dependencies:
      '@angular/forms': 18.0.4(@angular/common@18.0.4(@angular/core@18.0.4(rxjs@7.8.1)(zone.js@0.14.7))(rxjs@7.8.1))(@angular/core@18.0.4(rxjs@7.8.1)(zone.js@0.14.7))(@angular/platform-browser@18.0.4(@angular/animations@18.0.4(@angular/core@18.0.4(rxjs@7.8.1)(zone.js@0.14.7)))(@angular/common@18.0.4(@angular/core@18.0.4(rxjs@7.8.1)(zone.js@0.14.7))(rxjs@7.8.1))(@angular/core@18.0.4(rxjs@7.8.1)(zone.js@0.14.7)))(rxjs@7.8.1)
      rxjs: 7.8.1
      tslib: 2.6.3

  date-fns@2.30.0:
    dependencies:
      '@babel/runtime': 7.24.7

  entities@4.5.0:
    optional: true

  eventemitter3@5.0.1: {}

  fast-diff@1.3.0: {}

  lodash-es@4.17.21: {}

  lodash.clonedeep@4.5.0: {}

  lodash.isequal@4.5.0: {}

  ng-zorro-antd@18.0.0(7lievc2fheyesculzne4nmppoq):
    dependencies:
      '@angular/animations': 18.0.4(@angular/core@18.0.4(rxjs@7.8.1)(zone.js@0.14.7))
      '@angular/cdk': 18.0.4(@angular/common@18.0.4(@angular/core@18.0.4(rxjs@7.8.1)(zone.js@0.14.7))(rxjs@7.8.1))(@angular/core@18.0.4(rxjs@7.8.1)(zone.js@0.14.7))(rxjs@7.8.1)
      '@angular/common': 18.0.4(@angular/core@18.0.4(rxjs@7.8.1)(zone.js@0.14.7))(rxjs@7.8.1)
      '@angular/core': 18.0.4(rxjs@7.8.1)(zone.js@0.14.7)
      '@angular/forms': 18.0.4(@angular/common@18.0.4(@angular/core@18.0.4(rxjs@7.8.1)(zone.js@0.14.7))(rxjs@7.8.1))(@angular/core@18.0.4(rxjs@7.8.1)(zone.js@0.14.7))(@angular/platform-browser@18.0.4(@angular/animations@18.0.4(@angular/core@18.0.4(rxjs@7.8.1)(zone.js@0.14.7)))(@angular/common@18.0.4(@angular/core@18.0.4(rxjs@7.8.1)(zone.js@0.14.7))(rxjs@7.8.1))(@angular/core@18.0.4(rxjs@7.8.1)(zone.js@0.14.7)))(rxjs@7.8.1)
      '@angular/platform-browser': 18.0.4(@angular/animations@18.0.4(@angular/core@18.0.4(rxjs@7.8.1)(zone.js@0.14.7)))(@angular/common@18.0.4(@angular/core@18.0.4(rxjs@7.8.1)(zone.js@0.14.7))(rxjs@7.8.1))(@angular/core@18.0.4(rxjs@7.8.1)(zone.js@0.14.7))
      '@angular/router': 18.0.4(@angular/common@18.0.4(@angular/core@18.0.4(rxjs@7.8.1)(zone.js@0.14.7))(rxjs@7.8.1))(@angular/core@18.0.4(rxjs@7.8.1)(zone.js@0.14.7))(@angular/platform-browser@18.0.4(@angular/animations@18.0.4(@angular/core@18.0.4(rxjs@7.8.1)(zone.js@0.14.7)))(@angular/common@18.0.4(@angular/core@18.0.4(rxjs@7.8.1)(zone.js@0.14.7))(rxjs@7.8.1))(@angular/core@18.0.4(rxjs@7.8.1)(zone.js@0.14.7)))(rxjs@7.8.1)
      '@ant-design/icons-angular': 18.0.0(@angular/common@18.0.4(@angular/core@18.0.4(rxjs@7.8.1)(zone.js@0.14.7))(rxjs@7.8.1))(@angular/core@18.0.4(rxjs@7.8.1)(zone.js@0.14.7))(@angular/platform-browser@18.0.4(@angular/animations@18.0.4(@angular/core@18.0.4(rxjs@7.8.1)(zone.js@0.14.7)))(@angular/common@18.0.4(@angular/core@18.0.4(rxjs@7.8.1)(zone.js@0.14.7))(rxjs@7.8.1))(@angular/core@18.0.4(rxjs@7.8.1)(zone.js@0.14.7)))(rxjs@7.8.1)
      date-fns: 2.30.0
      tslib: 2.6.3
    transitivePeerDependencies:
      - rxjs

  parchment@3.0.0: {}

  parse5@7.1.2:
    dependencies:
      entities: 4.5.0
    optional: true

  quill-delta@5.1.0:
    dependencies:
      fast-diff: 1.3.0
      lodash.clonedeep: 4.5.0
      lodash.isequal: 4.5.0

  quill@2.0.2:
    dependencies:
      eventemitter3: 5.0.1
      lodash-es: 4.17.21
      parchment: 3.0.0
      quill-delta: 5.1.0

  regenerator-runtime@0.14.1: {}

  rxjs@7.8.1:
    dependencies:
      tslib: 2.6.3

  tslib@2.6.3: {}

  zone.js@0.14.7: {}
